
Microsoft Visual Studio Solution File, Format Version 12.00
# Visual Studio 15
VisualStudioVersion = 15.0.27130.2036
MinimumVisualStudioVersion = 10.0.40219.1
Project("{FAE04EC0-301F-11D3-BF4B-00C04F79EFBC}") = "Model", "Model\Model.csproj", "{02F849EF-3084-4D97-8E9E-6DE5EB0D6B66}"
EndProject
Project("{FAE04EC0-301F-11D3-BF4B-00C04F79EFBC}") = "View", "View\View.csproj", "{F3F716C3-B422-41EF-B44D-BAD0AEC2F02A}"
EndProject
Global
	GlobalSection(SolutionConfigurationPlatforms) = preSolution
		Debug|Any CPU = Debug|Any CPU
		Release|Any CPU = Release|Any CPU
	EndGlobalSection
	GlobalSection(ProjectConfigurationPlatforms) = postSolution
		{02F849EF-3084-4D97-8E9E-6DE5EB0D6B66}.Debug|Any CPU.ActiveCfg = Debug|Any CPU
		{02F849EF-3084-4D97-8E9E-6DE5EB0D6B66}.Debug|Any CPU.Build.0 = Debug|Any CPU
		{02F849EF-3084-4D97-8E9E-6DE5EB0D6B66}.Release|Any CPU.ActiveCfg = Release|Any CPU
		{02F849EF-3084-4D97-8E9E-6DE5EB0D6B66}.Release|Any CPU.Build.0 = Release|Any CPU
		{F3F716C3-B422-41EF-B44D-BAD0AEC2F02A}.Debug|Any CPU.ActiveCfg = Debug|Any CPU
		{F3F716C3-B422-41EF-B44D-BAD0AEC2F02A}.Debug|Any CPU.Build.0 = Debug|Any CPU
		{F3F716C3-B422-41EF-B44D-BAD0AEC2F02A}.Release|Any CPU.ActiveCfg = Release|Any CPU
		{F3F716C3-B422-41EF-B44D-BAD0AEC2F02A}.Release|Any CPU.Build.0 = Release|Any CPU
	EndGlobalSection
	GlobalSection(SolutionProperties) = preSolution
		HideSolutionNode = FALSE
	EndGlobalSection
	GlobalSection(ExtensibilityGlobals) = postSolution
		SolutionGuid = {FAFBDB63-4EE7-4A17-B933-FDCE0AE6796D}
	EndGlobalSection
EndGlobal
